
Microsoft Visual Studio Solution File, Format Version 12.00
# Visual Studio Version 16
VisualStudioVersion = 16.0.31205.134
MinimumVisualStudioVersion = 10.0.40219.1
Project("{FAE04EC0-301F-11D3-BF4B-00C04F79EFBC}") = "Tetris", "Tetris\Tetris.csproj", "{5987604A-02C4-4A9A-8F6D-FAC663E7290D}"
EndProject
Global
	GlobalSection(SolutionConfigurationPlatforms) = preSolution
		Debug|Any CPU = Debug|Any CPU
		Release|Any CPU = Release|Any CPU
	EndGlobalSection
	GlobalSection(ProjectConfigurationPlatforms) = postSolution
		{5987604A-02C4-4A9A-8F6D-FAC663E7290D}.Debug|Any CPU.ActiveCfg = Debug|Any CPU
		{5987604A-02C4-4A9A-8F6D-FAC663E7290D}.Debug|Any CPU.Build.0 = Debug|Any CPU
		{5987604A-02C4-4A9A-8F6D-FAC663E7290D}.Release|Any CPU.ActiveCfg = Release|Any CPU
		{5987604A-02C4-4A9A-8F6D-FAC663E7290D}.Release|Any CPU.Build.0 = Release|Any CPU
	EndGlobalSection
	GlobalSection(SolutionProperties) = preSolution
		HideSolutionNode = FALSE
	EndGlobalSection
	GlobalSection(ExtensibilityGlobals) = postSolution
		SolutionGuid = {4CD67F82-5610-426E-89CF-790A6BC366A8}
	EndGlobalSection
EndGlobal
